
Microsoft Visual Studio Solution File, Format Version 12.00
# Visual Studio 14
VisualStudioVersion = 14.0.25123.0
MinimumVisualStudioVersion = 10.0.40219.1
Project("{8BC9CEB8-8B4A-11D0-8D11-00A0C91BC942}") = "WindowsUtilTest", "UnitTest1\UnitTest1.vcxproj", "{2D17935F-28E6-4581-9E22-B997320033E6}"
EndProject
Project("{8BC9CEB8-8B4A-11D0-8D11-00A0C91BC942}") = "PeDecoderWapper", "WinUtilNet\WinUtilNet.vcxproj", "{80D4F4BA-BC91-4E01-BABC-9E1C1CB2E199}"
EndProject
Project("{FAE04EC0-301F-11D3-BF4B-00C04F79EFBC}") = "PeDecoderWapperTest", "WinUtilNetTest\PeDecoderWapperTest.csproj", "{415CDA56-0012-4901-BF43-E2530F103024}"
EndProject
Project("{FAE04EC0-301F-11D3-BF4B-00C04F79EFBC}") = "PeExplorer", "PeExplorer\PeExplorer.csproj", "{F10CA7AE-9DBB-4B94-92F4-13E3553C9F7F}"
EndProject
Project("{FAE04EC0-301F-11D3-BF4B-00C04F79EFBC}") = "OpcodeArrayBuilderTest", "OpcodeArrayBuilder\OpcodeArrayBuilderTest.csproj", "{D0AC23C6-24DB-4EFE-8B1B-BC3A4511FA14}"
EndProject
Project("{2150E333-8FDC-42A3-9474-1A3956D46DE8}") = "Test", "Test", "{31B9DA21-6A88-4F0A-8BB4-98266A6B4A6A}"
EndProject
Project("{2150E333-8FDC-42A3-9474-1A3956D46DE8}") = "PeExplorer", "PeExplorer", "{785789B1-9D03-49D5-A648-0CE38B5F0BAD}"
EndProject
Project("{8BC9CEB8-8B4A-11D0-8D11-00A0C91BC942}") = "PeImage", "PeImage\PeImage.vcxproj", "{DFC84587-5400-4BCE-902B-2E469F15CAAC}"
EndProject
Project("{8BC9CEB8-8B4A-11D0-8D11-00A0C91BC942}") = "PeImageLibTest", "PeImageLibTest\PeImageLibTest.vcxproj", "{8097F459-4A66-42F9-9FA9-70A0E01744B9}"
	ProjectSection(ProjectDependencies) = postProject
		{DFC84587-5400-4BCE-902B-2E469F15CAAC} = {DFC84587-5400-4BCE-902B-2E469F15CAAC}
	EndProjectSection
EndProject
Project("{8BC9CEB8-8B4A-11D0-8D11-00A0C91BC942}") = "PeImageClr", "PeImageClr\PeImageClr.vcxproj", "{CE814B78-25E3-4C58-B4AB-C0CDF46C5427}"
EndProject
Project("{8BC9CEB8-8B4A-11D0-8D11-00A0C91BC942}") = "Process", "Process\Process.vcxproj", "{E357A6C8-2EFC-42CE-8F56-4F6FC66CA97A}"
EndProject
Project("{8BC9CEB8-8B4A-11D0-8D11-00A0C91BC942}") = "ProcessLibTest", "ProcessLibTest\ProcessLibTest.vcxproj", "{7847B099-2B66-4B67-902B-E26BAD633170}"
EndProject
Project("{8BC9CEB8-8B4A-11D0-8D11-00A0C91BC942}") = "Hook", "Hook\Hook.vcxproj", "{7109F70A-97FF-4C36-AC1A-A5C4FAB5507B}"
EndProject
Project("{8BC9CEB8-8B4A-11D0-8D11-00A0C91BC942}") = "HookLibTest", "HookLibTest\HookLibTest.vcxproj", "{24FB7919-CD78-4571-A4FB-2447E54FCC04}"
EndProject
Project("{8BC9CEB8-8B4A-11D0-8D11-00A0C91BC942}") = "Disassembler", "Disassembler\Disassembler.vcxproj", "{0767B1B7-78AF-46A0-A4EE-3773353C039E}"
EndProject
Global
	GlobalSection(SolutionConfigurationPlatforms) = preSolution
		Debug|Any CPU = Debug|Any CPU
		Debug|Win32 = Debug|Win32
		Debug|x64 = Debug|x64
		Release|Any CPU = Release|Any CPU
		Release|Win32 = Release|Win32
		Release|x64 = Release|x64
	EndGlobalSection
	GlobalSection(ProjectConfigurationPlatforms) = postSolution
		{2D17935F-28E6-4581-9E22-B997320033E6}.Debug|Any CPU.ActiveCfg = Debug|Win32
		{2D17935F-28E6-4581-9E22-B997320033E6}.Debug|Win32.ActiveCfg = Debug|Win32
		{2D17935F-28E6-4581-9E22-B997320033E6}.Debug|Win32.Build.0 = Debug|Win32
		{2D17935F-28E6-4581-9E22-B997320033E6}.Debug|x64.ActiveCfg = Debug|x64
		{2D17935F-28E6-4581-9E22-B997320033E6}.Debug|x64.Build.0 = Debug|x64
		{2D17935F-28E6-4581-9E22-B997320033E6}.Release|Any CPU.ActiveCfg = Release|Win32
		{2D17935F-28E6-4581-9E22-B997320033E6}.Release|Win32.ActiveCfg = Release|Win32
		{2D17935F-28E6-4581-9E22-B997320033E6}.Release|Win32.Build.0 = Release|Win32
		{2D17935F-28E6-4581-9E22-B997320033E6}.Release|x64.ActiveCfg = Release|x64
		{2D17935F-28E6-4581-9E22-B997320033E6}.Release|x64.Build.0 = Release|x64
		{80D4F4BA-BC91-4E01-BABC-9E1C1CB2E199}.Debug|Any CPU.ActiveCfg = Debug|Win32
		{80D4F4BA-BC91-4E01-BABC-9E1C1CB2E199}.Debug|Win32.ActiveCfg = Debug|Win32
		{80D4F4BA-BC91-4E01-BABC-9E1C1CB2E199}.Debug|Win32.Build.0 = Debug|Win32
		{80D4F4BA-BC91-4E01-BABC-9E1C1CB2E199}.Debug|x64.ActiveCfg = Debug|x64
		{80D4F4BA-BC91-4E01-BABC-9E1C1CB2E199}.Debug|x64.Build.0 = Debug|x64
		{80D4F4BA-BC91-4E01-BABC-9E1C1CB2E199}.Release|Any CPU.ActiveCfg = Release|Win32
		{80D4F4BA-BC91-4E01-BABC-9E1C1CB2E199}.Release|Win32.ActiveCfg = Release|Win32
		{80D4F4BA-BC91-4E01-BABC-9E1C1CB2E199}.Release|Win32.Build.0 = Release|Win32
		{80D4F4BA-BC91-4E01-BABC-9E1C1CB2E199}.Release|x64.ActiveCfg = Release|x64
		{80D4F4BA-BC91-4E01-BABC-9E1C1CB2E199}.Release|x64.Build.0 = Release|x64
		{415CDA56-0012-4901-BF43-E2530F103024}.Debug|Any CPU.ActiveCfg = Debug|Any CPU
		{415CDA56-0012-4901-BF43-E2530F103024}.Debug|Any CPU.Build.0 = Debug|Any CPU
		{415CDA56-0012-4901-BF43-E2530F103024}.Debug|Win32.ActiveCfg = Debug|Any CPU
		{415CDA56-0012-4901-BF43-E2530F103024}.Debug|Win32.Build.0 = Debug|Any CPU
		{415CDA56-0012-4901-BF43-E2530F103024}.Debug|x64.ActiveCfg = Debug|Any CPU
		{415CDA56-0012-4901-BF43-E2530F103024}.Debug|x64.Build.0 = Debug|Any CPU
		{415CDA56-0012-4901-BF43-E2530F103024}.Release|Any CPU.ActiveCfg = Release|Any CPU
		{415CDA56-0012-4901-BF43-E2530F103024}.Release|Any CPU.Build.0 = Release|Any CPU
		{415CDA56-0012-4901-BF43-E2530F103024}.Release|Win32.ActiveCfg = Release|Any CPU
		{415CDA56-0012-4901-BF43-E2530F103024}.Release|Win32.Build.0 = Release|Any CPU
		{415CDA56-0012-4901-BF43-E2530F103024}.Release|x64.ActiveCfg = Release|Any CPU
		{415CDA56-0012-4901-BF43-E2530F103024}.Release|x64.Build.0 = Release|Any CPU
		{F10CA7AE-9DBB-4B94-92F4-13E3553C9F7F}.Debug|Any CPU.ActiveCfg = Debug|Any CPU
		{F10CA7AE-9DBB-4B94-92F4-13E3553C9F7F}.Debug|Any CPU.Build.0 = Debug|Any CPU
		{F10CA7AE-9DBB-4B94-92F4-13E3553C9F7F}.Debug|Win32.ActiveCfg = Debug|Any CPU
		{F10CA7AE-9DBB-4B94-92F4-13E3553C9F7F}.Debug|Win32.Build.0 = Debug|Any CPU
		{F10CA7AE-9DBB-4B94-92F4-13E3553C9F7F}.Debug|x64.ActiveCfg = Debug|Any CPU
		{F10CA7AE-9DBB-4B94-92F4-13E3553C9F7F}.Debug|x64.Build.0 = Debug|Any CPU
		{F10CA7AE-9DBB-4B94-92F4-13E3553C9F7F}.Release|Any CPU.ActiveCfg = Release|Any CPU
		{F10CA7AE-9DBB-4B94-92F4-13E3553C9F7F}.Release|Any CPU.Build.0 = Release|Any CPU
		{F10CA7AE-9DBB-4B94-92F4-13E3553C9F7F}.Release|Win32.ActiveCfg = Release|Any CPU
		{F10CA7AE-9DBB-4B94-92F4-13E3553C9F7F}.Release|Win32.Build.0 = Release|Any CPU
		{F10CA7AE-9DBB-4B94-92F4-13E3553C9F7F}.Release|x64.ActiveCfg = Release|Any CPU
		{F10CA7AE-9DBB-4B94-92F4-13E3553C9F7F}.Release|x64.Build.0 = Release|Any CPU
		{D0AC23C6-24DB-4EFE-8B1B-BC3A4511FA14}.Debug|Any CPU.ActiveCfg = Debug|Any CPU
		{D0AC23C6-24DB-4EFE-8B1B-BC3A4511FA14}.Debug|Any CPU.Build.0 = Debug|Any CPU
		{D0AC23C6-24DB-4EFE-8B1B-BC3A4511FA14}.Debug|Win32.ActiveCfg = Debug|Any CPU
		{D0AC23C6-24DB-4EFE-8B1B-BC3A4511FA14}.Debug|Win32.Build.0 = Debug|Any CPU
		{D0AC23C6-24DB-4EFE-8B1B-BC3A4511FA14}.Debug|x64.ActiveCfg = Debug|Any CPU
		{D0AC23C6-24DB-4EFE-8B1B-BC3A4511FA14}.Debug|x64.Build.0 = Debug|Any CPU
		{D0AC23C6-24DB-4EFE-8B1B-BC3A4511FA14}.Release|Any CPU.ActiveCfg = Release|Any CPU
		{D0AC23C6-24DB-4EFE-8B1B-BC3A4511FA14}.Release|Any CPU.Build.0 = Release|Any CPU
		{D0AC23C6-24DB-4EFE-8B1B-BC3A4511FA14}.Release|Win32.ActiveCfg = Release|Any CPU
		{D0AC23C6-24DB-4EFE-8B1B-BC3A4511FA14}.Release|Win32.Build.0 = Release|Any CPU
		{D0AC23C6-24DB-4EFE-8B1B-BC3A4511FA14}.Release|x64.ActiveCfg = Release|Any CPU
		{D0AC23C6-24DB-4EFE-8B1B-BC3A4511FA14}.Release|x64.Build.0 = Release|Any CPU
		{DFC84587-5400-4BCE-902B-2E469F15CAAC}.Debug|Any CPU.ActiveCfg = Debug|Win32
		{DFC84587-5400-4BCE-902B-2E469F15CAAC}.Debug|Win32.ActiveCfg = Debug|Win32
		{DFC84587-5400-4BCE-902B-2E469F15CAAC}.Debug|Win32.Build.0 = Debug|Win32
		{DFC84587-5400-4BCE-902B-2E469F15CAAC}.Debug|x64.ActiveCfg = Debug|x64
		{DFC84587-5400-4BCE-902B-2E469F15CAAC}.Debug|x64.Build.0 = Debug|x64
		{DFC84587-5400-4BCE-902B-2E469F15CAAC}.Release|Any CPU.ActiveCfg = Release|Win32
		{DFC84587-5400-4BCE-902B-2E469F15CAAC}.Release|Win32.ActiveCfg = Release|Win32
		{DFC84587-5400-4BCE-902B-2E469F15CAAC}.Release|Win32.Build.0 = Release|Win32
		{DFC84587-5400-4BCE-902B-2E469F15CAAC}.Release|x64.ActiveCfg = Release|x64
		{DFC84587-5400-4BCE-902B-2E469F15CAAC}.Release|x64.Build.0 = Release|x64
		{8097F459-4A66-42F9-9FA9-70A0E01744B9}.Debug|Any CPU.ActiveCfg = Debug|Win32
		{8097F459-4A66-42F9-9FA9-70A0E01744B9}.Debug|Win32.ActiveCfg = Debug|Win32
		{8097F459-4A66-42F9-9FA9-70A0E01744B9}.Debug|Win32.Build.0 = Debug|Win32
		{8097F459-4A66-42F9-9FA9-70A0E01744B9}.Debug|x64.ActiveCfg = Debug|x64
		{8097F459-4A66-42F9-9FA9-70A0E01744B9}.Debug|x64.Build.0 = Debug|x64
		{8097F459-4A66-42F9-9FA9-70A0E01744B9}.Release|Any CPU.ActiveCfg = Release|Win32
		{8097F459-4A66-42F9-9FA9-70A0E01744B9}.Release|Win32.ActiveCfg = Release|Win32
		{8097F459-4A66-42F9-9FA9-70A0E01744B9}.Release|Win32.Build.0 = Release|Win32
		{8097F459-4A66-42F9-9FA9-70A0E01744B9}.Release|x64.ActiveCfg = Release|x64
		{8097F459-4A66-42F9-9FA9-70A0E01744B9}.Release|x64.Build.0 = Release|x64
		{CE814B78-25E3-4C58-B4AB-C0CDF46C5427}.Debug|Any CPU.ActiveCfg = Debug|Win32
		{CE814B78-25E3-4C58-B4AB-C0CDF46C5427}.Debug|Win32.ActiveCfg = Debug|Win32
		{CE814B78-25E3-4C58-B4AB-C0CDF46C5427}.Debug|Win32.Build.0 = Debug|Win32
		{CE814B78-25E3-4C58-B4AB-C0CDF46C5427}.Debug|x64.ActiveCfg = Debug|x64
		{CE814B78-25E3-4C58-B4AB-C0CDF46C5427}.Debug|x64.Build.0 = Debug|x64
		{CE814B78-25E3-4C58-B4AB-C0CDF46C5427}.Release|Any CPU.ActiveCfg = Release|Win32
		{CE814B78-25E3-4C58-B4AB-C0CDF46C5427}.Release|Win32.ActiveCfg = Release|Win32
		{CE814B78-25E3-4C58-B4AB-C0CDF46C5427}.Release|Win32.Build.0 = Release|Win32
		{CE814B78-25E3-4C58-B4AB-C0CDF46C5427}.Release|x64.ActiveCfg = Release|x64
		{CE814B78-25E3-4C58-B4AB-C0CDF46C5427}.Release|x64.Build.0 = Release|x64
		{E357A6C8-2EFC-42CE-8F56-4F6FC66CA97A}.Debug|Any CPU.ActiveCfg = Debug|Win32
		{E357A6C8-2EFC-42CE-8F56-4F6FC66CA97A}.Debug|Win32.ActiveCfg = Debug|Win32
		{E357A6C8-2EFC-42CE-8F56-4F6FC66CA97A}.Debug|Win32.Build.0 = Debug|Win32
		{E357A6C8-2EFC-42CE-8F56-4F6FC66CA97A}.Debug|x64.ActiveCfg = Debug|x64
		{E357A6C8-2EFC-42CE-8F56-4F6FC66CA97A}.Debug|x64.Build.0 = Debug|x64
		{E357A6C8-2EFC-42CE-8F56-4F6FC66CA97A}.Release|Any CPU.ActiveCfg = Release|Win32
		{E357A6C8-2EFC-42CE-8F56-4F6FC66CA97A}.Release|Win32.ActiveCfg = Release|Win32
		{E357A6C8-2EFC-42CE-8F56-4F6FC66CA97A}.Release|Win32.Build.0 = Release|Win32
		{E357A6C8-2EFC-42CE-8F56-4F6FC66CA97A}.Release|x64.ActiveCfg = Release|x64
		{E357A6C8-2EFC-42CE-8F56-4F6FC66CA97A}.Release|x64.Build.0 = Release|x64
		{7847B099-2B66-4B67-902B-E26BAD633170}.Debug|Any CPU.ActiveCfg = Debug|Win32
		{7847B099-2B66-4B67-902B-E26BAD633170}.Debug|Win32.ActiveCfg = Debug|Win32
		{7847B099-2B66-4B67-902B-E26BAD633170}.Debug|Win32.Build.0 = Debug|Win32
		{7847B099-2B66-4B67-902B-E26BAD633170}.Debug|x64.ActiveCfg = Debug|x64
		{7847B099-2B66-4B67-902B-E26BAD633170}.Debug|x64.Build.0 = Debug|x64
		{7847B099-2B66-4B67-902B-E26BAD633170}.Release|Any CPU.ActiveCfg = Release|Win32
		{7847B099-2B66-4B67-902B-E26BAD633170}.Release|Win32.ActiveCfg = Release|Win32
		{7847B099-2B66-4B67-902B-E26BAD633170}.Release|Win32.Build.0 = Release|Win32
		{7847B099-2B66-4B67-902B-E26BAD633170}.Release|x64.ActiveCfg = Release|x64
		{7847B099-2B66-4B67-902B-E26BAD633170}.Release|x64.Build.0 = Release|x64
		{7109F70A-97FF-4C36-AC1A-A5C4FAB5507B}.Debug|Any CPU.ActiveCfg = Debug|Win32
		{7109F70A-97FF-4C36-AC1A-A5C4FAB5507B}.Debug|Win32.ActiveCfg = Debug|Win32
		{7109F70A-97FF-4C36-AC1A-A5C4FAB5507B}.Debug|Win32.Build.0 = Debug|Win32
		{7109F70A-97FF-4C36-AC1A-A5C4FAB5507B}.Debug|x64.ActiveCfg = Debug|x64
		{7109F70A-97FF-4C36-AC1A-A5C4FAB5507B}.Debug|x64.Build.0 = Debug|x64
		{7109F70A-97FF-4C36-AC1A-A5C4FAB5507B}.Release|Any CPU.ActiveCfg = Release|Win32
		{7109F70A-97FF-4C36-AC1A-A5C4FAB5507B}.Release|Win32.ActiveCfg = Release|Win32
		{7109F70A-97FF-4C36-AC1A-A5C4FAB5507B}.Release|Win32.Build.0 = Release|Win32
		{7109F70A-97FF-4C36-AC1A-A5C4FAB5507B}.Release|x64.ActiveCfg = Release|x64
		{7109F70A-97FF-4C36-AC1A-A5C4FAB5507B}.Release|x64.Build.0 = Release|x64
		{24FB7919-CD78-4571-A4FB-2447E54FCC04}.Debug|Any CPU.ActiveCfg = Debug|Win32
		{24FB7919-CD78-4571-A4FB-2447E54FCC04}.Debug|Win32.ActiveCfg = Debug|Win32
		{24FB7919-CD78-4571-A4FB-2447E54FCC04}.Debug|Win32.Build.0 = Debug|Win32
		{24FB7919-CD78-4571-A4FB-2447E54FCC04}.Debug|x64.ActiveCfg = Debug|x64
		{24FB7919-CD78-4571-A4FB-2447E54FCC04}.Debug|x64.Build.0 = Debug|x64
		{24FB7919-CD78-4571-A4FB-2447E54FCC04}.Release|Any CPU.ActiveCfg = Release|Win32
		{24FB7919-CD78-4571-A4FB-2447E54FCC04}.Release|Win32.ActiveCfg = Release|Win32
		{24FB7919-CD78-4571-A4FB-2447E54FCC04}.Release|Win32.Build.0 = Release|Win32
		{24FB7919-CD78-4571-A4FB-2447E54FCC04}.Release|x64.ActiveCfg = Release|x64
		{24FB7919-CD78-4571-A4FB-2447E54FCC04}.Release|x64.Build.0 = Release|x64
		{0767B1B7-78AF-46A0-A4EE-3773353C039E}.Debug|Any CPU.ActiveCfg = Debug|Win32
		{0767B1B7-78AF-46A0-A4EE-3773353C039E}.Debug|Win32.ActiveCfg = Debug|Win32
		{0767B1B7-78AF-46A0-A4EE-3773353C039E}.Debug|Win32.Build.0 = Debug|Win32
		{0767B1B7-78AF-46A0-A4EE-3773353C039E}.Debug|x64.ActiveCfg = Debug|x64
		{0767B1B7-78AF-46A0-A4EE-3773353C039E}.Debug|x64.Build.0 = Debug|x64
		{0767B1B7-78AF-46A0-A4EE-3773353C039E}.Release|Any CPU.ActiveCfg = Release|Win32
		{0767B1B7-78AF-46A0-A4EE-3773353C039E}.Release|Win32.ActiveCfg = Release|Win32
		{0767B1B7-78AF-46A0-A4EE-3773353C039E}.Release|Win32.Build.0 = Release|Win32
		{0767B1B7-78AF-46A0-A4EE-3773353C039E}.Release|x64.ActiveCfg = Release|x64
		{0767B1B7-78AF-46A0-A4EE-3773353C039E}.Release|x64.Build.0 = Release|x64
	EndGlobalSection
	GlobalSection(SolutionProperties) = preSolution
		HideSolutionNode = FALSE
	EndGlobalSection
	GlobalSection(NestedProjects) = preSolution
		{2D17935F-28E6-4581-9E22-B997320033E6} = {31B9DA21-6A88-4F0A-8BB4-98266A6B4A6A}
		{80D4F4BA-BC91-4E01-BABC-9E1C1CB2E199} = {785789B1-9D03-49D5-A648-0CE38B5F0BAD}
		{415CDA56-0012-4901-BF43-E2530F103024} = {31B9DA21-6A88-4F0A-8BB4-98266A6B4A6A}
		{F10CA7AE-9DBB-4B94-92F4-13E3553C9F7F} = {785789B1-9D03-49D5-A648-0CE38B5F0BAD}
		{D0AC23C6-24DB-4EFE-8B1B-BC3A4511FA14} = {31B9DA21-6A88-4F0A-8BB4-98266A6B4A6A}
		{8097F459-4A66-42F9-9FA9-70A0E01744B9} = {31B9DA21-6A88-4F0A-8BB4-98266A6B4A6A}
		{7847B099-2B66-4B67-902B-E26BAD633170} = {31B9DA21-6A88-4F0A-8BB4-98266A6B4A6A}
		{24FB7919-CD78-4571-A4FB-2447E54FCC04} = {31B9DA21-6A88-4F0A-8BB4-98266A6B4A6A}
	EndGlobalSection
EndGlobal
