<?xml version="1.0" encoding="utf-8"?>
<Project ToolsVersion="4.0" xmlns="http://schemas.microsoft.com/developer/msbuild/2003">
  <ItemGroup>
    <Filter Include="源文件">
      <UniqueIdentifier>{4FC737F1-C7A5-4376-A066-2A32D752A2FF}</UniqueIdentifier>
      <Extensions>cpp;c;cc;cxx;def;odl;idl;hpj;bat;asm;asmx</Extensions>
    </Filter>
    <Filter Include="头文件">
      <UniqueIdentifier>{93995380-89BD-4b04-88EB-625FBE52EBFB}</UniqueIdentifier>
      <Extensions>h;hh;hpp;hxx;hm;inl;inc;xsd</Extensions>
    </Filter>
    <Filter Include="资源文件">
      <UniqueIdentifier>{67DA6AB6-F800-4c08-8B7A-83BB121AAD01}</UniqueIdentifier>
      <Extensions>rc;ico;cur;bmp;dlg;rc2;rct;bin;rgs;gif;jpg;jpeg;jpe;resx;tiff;tif;png;wav;mfcribbon-ms</Extensions>
    </Filter>
  </ItemGroup>
  <ItemGroup>
    <ClInclude Include="LazyLoad.h">
      <Filter>头文件</Filter>
    </ClInclude>
    <ClInclude Include="EnvironmentBlock.h">
      <Filter>头文件</Filter>
    </ClInclude>
    <ClInclude Include="PeDecoder.h">
      <Filter>头文件</Filter>
    </ClInclude>
    <ClInclude Include="ImportDescriptorReader.h">
      <Filter>头文件</Filter>
    </ClInclude>
    <ClInclude Include="ImportThunkReader.h">
      <Filter>头文件</Filter>
    </ClInclude>
    <ClInclude Include="ExportReader.h">
      <Filter>头文件</Filter>
    </ClInclude>
    <ClInclude Include="SectionReader.h">
      <Filter>头文件</Filter>
    </ClInclude>
    <ClInclude Include="PeImage.h">
      <Filter>头文件</Filter>
    </ClInclude>
    <ClInclude Include="ResourceDirectoryReader.h">
      <Filter>头文件</Filter>
    </ClInclude>
    <ClInclude Include="BaseRelocationReader.h">
      <Filter>头文件</Filter>
    </ClInclude>
    <ClInclude Include="TypeOffsetReader.h">
      <Filter>头文件</Filter>
    </ClInclude>
  </ItemGroup>
  <ItemGroup>
    <ClCompile Include="EnvironmentBlock.cpp">
      <Filter>源文件</Filter>
    </ClCompile>
    <ClCompile Include="PeDecoder.cpp">
      <Filter>源文件</Filter>
    </ClCompile>
    <ClCompile Include="ImportDescriptorReader.cpp">
      <Filter>源文件</Filter>
    </ClCompile>
    <ClCompile Include="ImportThunkReader.cpp">
      <Filter>源文件</Filter>
    </ClCompile>
    <ClCompile Include="ExportReader.cpp">
      <Filter>源文件</Filter>
    </ClCompile>
    <ClCompile Include="SectionReader.cpp">
      <Filter>源文件</Filter>
    </ClCompile>
    <ClCompile Include="ResourceDirectoryReader.cpp">
      <Filter>源文件</Filter>
    </ClCompile>
    <ClCompile Include="BaseRelocationReader.cpp">
      <Filter>源文件</Filter>
    </ClCompile>
    <ClCompile Include="TypeOffsetReader.cpp">
      <Filter>源文件</Filter>
    </ClCompile>
  </ItemGroup>
</Project>