<?xml version="1.0" encoding="utf-8"?>
<Project ToolsVersion="4.0" xmlns="http://schemas.microsoft.com/developer/msbuild/2003">
  <ItemGroup>
    <Filter Include="源文件">
      <UniqueIdentifier>{4FC737F1-C7A5-4376-A066-2A32D752A2FF}</UniqueIdentifier>
      <Extensions>cpp;c;cc;cxx;def;odl;idl;hpj;bat;asm;asmx</Extensions>
    </Filter>
    <Filter Include="头文件">
      <UniqueIdentifier>{93995380-89BD-4b04-88EB-625FBE52EBFB}</UniqueIdentifier>
      <Extensions>h;hh;hpp;hxx;hm;inl;inc;xsd</Extensions>
    </Filter>
    <Filter Include="资源文件">
      <UniqueIdentifier>{67DA6AB6-F800-4c08-8B7A-83BB121AAD01}</UniqueIdentifier>
      <Extensions>rc;ico;cur;bmp;dlg;rc2;rct;bin;rgs;gif;jpg;jpeg;jpe;resx;tiff;tif;png;wav;mfcribbon-ms</Extensions>
    </Filter>
  </ItemGroup>
  <ItemGroup>
    <ClInclude Include="Include\PE\Export\ExportReader.h">
      <Filter>头文件</Filter>
    </ClInclude>
    <ClInclude Include="Include\PE\Import\ImportDescriptorReader.h">
      <Filter>头文件</Filter>
    </ClInclude>
    <ClInclude Include="Include\PE\Import\ImportThunkReader.h">
      <Filter>头文件</Filter>
    </ClInclude>
    <ClInclude Include="Include\PE\Reloc\BaseRelocationReader.h">
      <Filter>头文件</Filter>
    </ClInclude>
    <ClInclude Include="Include\PE\Reloc\TypeOffsetReader.h">
      <Filter>头文件</Filter>
    </ClInclude>
    <ClInclude Include="Include\PE\Resource\ResourceDirectoryReader.h">
      <Filter>头文件</Filter>
    </ClInclude>
    <ClInclude Include="Include\PE\Section\SectionReader.h">
      <Filter>头文件</Filter>
    </ClInclude>
    <ClInclude Include="Include\PE\PeDecoder.h">
      <Filter>头文件</Filter>
    </ClInclude>
    <ClInclude Include="Include\PeImage.h">
      <Filter>头文件</Filter>
    </ClInclude>
    <ClInclude Include="Include\Process\LazyLoad\LazyLoad.h">
      <Filter>头文件</Filter>
    </ClInclude>
    <ClInclude Include="Include\Process\Hook\IatHook.h">
      <Filter>头文件</Filter>
    </ClInclude>
    <ClInclude Include="Include\Process\Remote\RemoteProccess.h">
      <Filter>头文件</Filter>
    </ClInclude>
    <ClInclude Include="Include\Process\EnvironmentBlock\EnvironmentBlock.h">
      <Filter>头文件</Filter>
    </ClInclude>
    <ClInclude Include="Include\Process\LazyLoad\LazyLoadSystemApi.h">
      <Filter>头文件</Filter>
    </ClInclude>
    <ClInclude Include="Include\PE\Import\Import.h">
      <Filter>头文件</Filter>
    </ClInclude>
    <ClInclude Include="Include\PE\Export\Export.h">
      <Filter>头文件</Filter>
    </ClInclude>
    <ClInclude Include="Include\Process\Hook\EatHook.h">
      <Filter>头文件</Filter>
    </ClInclude>
    <ClInclude Include="Include\PE\DelayLoad\DelayLoad.h">
      <Filter>头文件</Filter>
    </ClInclude>
    <ClInclude Include="Include\PE\DelayLoad\DelayLoadDescriptorReader.h">
      <Filter>头文件</Filter>
    </ClInclude>
    <ClInclude Include="Include\PE\DelayLoad\DelayLoadThunkReader.h">
      <Filter>头文件</Filter>
    </ClInclude>
    <ClInclude Include="Include\Process\Hook\DelayLoadHook.h">
      <Filter>头文件</Filter>
    </ClInclude>
    <ClInclude Include="Include\Common\SimpleQueue.h">
      <Filter>头文件</Filter>
    </ClInclude>
    <ClInclude Include="Include\Asm\InstructionNames.h">
      <Filter>头文件</Filter>
    </ClInclude>
    <ClInclude Include="Include\Asm\Registers.h">
      <Filter>头文件</Filter>
    </ClInclude>
    <ClInclude Include="Include\Asm\OperandStruct.h">
      <Filter>头文件</Filter>
    </ClInclude>
    <ClInclude Include="Include\Asm\Operands.h">
      <Filter>头文件</Filter>
    </ClInclude>
    <ClInclude Include="Include\Asm\OpcodeTables.h">
      <Filter>头文件</Filter>
    </ClInclude>
    <ClInclude Include="Include\Asm\PrefixQueue.h">
      <Filter>头文件</Filter>
    </ClInclude>
    <ClInclude Include="Include\Asm\OpcodeReader.h">
      <Filter>头文件</Filter>
    </ClInclude>
    <ClInclude Include="Include\Process\Hook\GetOpcodeLen.h">
      <Filter>头文件</Filter>
    </ClInclude>
    <ClInclude Include="Include\Process\Hook\SimpleOpcodeMap.h">
      <Filter>头文件</Filter>
    </ClInclude>
  </ItemGroup>
  <ItemGroup>
    <ClCompile Include="Include\PE\Reloc\BaseRelocationReader.cpp">
      <Filter>源文件</Filter>
    </ClCompile>
    <ClCompile Include="Include\PE\Export\ExportReader.cpp">
      <Filter>源文件</Filter>
    </ClCompile>
    <ClCompile Include="Include\Process\Hook\IatHook.cpp">
      <Filter>源文件</Filter>
    </ClCompile>
    <ClCompile Include="Include\PE\Import\ImportDescriptorReader.cpp">
      <Filter>源文件</Filter>
    </ClCompile>
    <ClCompile Include="Include\PE\Import\ImportThunkReader.cpp">
      <Filter>源文件</Filter>
    </ClCompile>
    <ClCompile Include="Include\Process\LazyLoad\LazyLoad.cpp">
      <Filter>源文件</Filter>
    </ClCompile>
    <ClCompile Include="Include\PE\PeDecoder.cpp">
      <Filter>源文件</Filter>
    </ClCompile>
    <ClCompile Include="Include\Process\Remote\RemoteProccess.cpp">
      <Filter>源文件</Filter>
    </ClCompile>
    <ClCompile Include="Include\PE\Resource\ResourceDirectoryReader.cpp">
      <Filter>源文件</Filter>
    </ClCompile>
    <ClCompile Include="Include\PE\Section\SectionReader.cpp">
      <Filter>源文件</Filter>
    </ClCompile>
    <ClCompile Include="Include\PE\Reloc\TypeOffsetReader.cpp">
      <Filter>源文件</Filter>
    </ClCompile>
    <ClCompile Include="Include\Process\EnvironmentBlock\EnvironmentBlock.cpp">
      <Filter>源文件</Filter>
    </ClCompile>
    <ClCompile Include="Include\Process\LazyLoad\LazyLoadSystemApi.cpp">
      <Filter>源文件</Filter>
    </ClCompile>
    <ClCompile Include="Include\PE\Import\Import.cpp">
      <Filter>源文件</Filter>
    </ClCompile>
    <ClCompile Include="Include\PE\Export\Export.cpp">
      <Filter>源文件</Filter>
    </ClCompile>
    <ClCompile Include="Include\Process\Hook\EatHook.cpp">
      <Filter>源文件</Filter>
    </ClCompile>
    <ClCompile Include="Include\PE\DelayLoad\DelayLoad.cpp">
      <Filter>源文件</Filter>
    </ClCompile>
    <ClCompile Include="Include\PE\DelayLoad\DelayLoadDescriptorReader.cpp">
      <Filter>源文件</Filter>
    </ClCompile>
    <ClCompile Include="Include\PE\DelayLoad\DelayLoadThunkReader.cpp">
      <Filter>源文件</Filter>
    </ClCompile>
    <ClCompile Include="Include\Process\Hook\DelayLoadHook.cpp">
      <Filter>源文件</Filter>
    </ClCompile>
    <ClCompile Include="Include\Common\SimpleQueue.cpp">
      <Filter>源文件</Filter>
    </ClCompile>
    <ClCompile Include="Include\Asm\InstructionNames.cpp">
      <Filter>源文件</Filter>
    </ClCompile>
    <ClCompile Include="Include\Asm\Registers.cpp">
      <Filter>源文件</Filter>
    </ClCompile>
    <ClCompile Include="Include\Asm\OperandStruct.cpp">
      <Filter>源文件</Filter>
    </ClCompile>
    <ClCompile Include="Include\Asm\Operands.cpp">
      <Filter>源文件</Filter>
    </ClCompile>
    <ClCompile Include="Include\Asm\OpcodeTables.cpp">
      <Filter>源文件</Filter>
    </ClCompile>
    <ClCompile Include="Include\Asm\PrefixQueue.cpp">
      <Filter>源文件</Filter>
    </ClCompile>
    <ClCompile Include="Include\Asm\OpcodeReader.cpp">
      <Filter>源文件</Filter>
    </ClCompile>
    <ClCompile Include="Include\Process\Hook\GetOpcodeLen.cpp">
      <Filter>源文件</Filter>
    </ClCompile>
    <ClCompile Include="Include\Process\Hook\SimpleOpcodeMap.cpp">
      <Filter>源文件</Filter>
    </ClCompile>
  </ItemGroup>
</Project>