<?xml version="1.0" encoding="utf-8"?>
<Project ToolsVersion="4.0" xmlns="http://schemas.microsoft.com/developer/msbuild/2003">
  <ItemGroup>
    <Filter Include="源文件">
      <UniqueIdentifier>{4FC737F1-C7A5-4376-A066-2A32D752A2FF}</UniqueIdentifier>
      <Extensions>cpp;c;cc;cxx;def;odl;idl;hpj;bat;asm;asmx</Extensions>
    </Filter>
    <Filter Include="头文件">
      <UniqueIdentifier>{93995380-89BD-4b04-88EB-625FBE52EBFB}</UniqueIdentifier>
      <Extensions>h;hh;hpp;hxx;hm;inl;inc;xsd</Extensions>
    </Filter>
    <Filter Include="资源文件">
      <UniqueIdentifier>{67DA6AB6-F800-4c08-8B7A-83BB121AAD01}</UniqueIdentifier>
      <Extensions>rc;ico;cur;bmp;dlg;rc2;rct;bin;rgs;gif;jpg;jpeg;jpe;resx;tiff;tif;png;wav;mfcribbon-ms</Extensions>
    </Filter>
  </ItemGroup>
  <ItemGroup>
    <ClInclude Include="WinUtil\PE\PeDecoder.h">
      <Filter>头文件</Filter>
    </ClInclude>
    <ClInclude Include="WinUtil\PE\DosHeader\DosHeader.h">
      <Filter>头文件</Filter>
    </ClInclude>
    <ClInclude Include="WinUtil\PE\Common\IGetValue.h">
      <Filter>头文件</Filter>
    </ClInclude>
    <ClInclude Include="WinUtil\PE\Common\PeStruct.h">
      <Filter>头文件</Filter>
    </ClInclude>
    <ClInclude Include="WinUtil\PE\NtHeader\NtHeader.h">
      <Filter>头文件</Filter>
    </ClInclude>
    <ClInclude Include="WinUtil\PE\Section\Section.h">
      <Filter>头文件</Filter>
    </ClInclude>
    <ClInclude Include="WinUtil\PE\Common\InitStruct.h">
      <Filter>头文件</Filter>
    </ClInclude>
    <ClInclude Include="WinUtil\PE\Section\SectionIterator.h">
      <Filter>头文件</Filter>
    </ClInclude>
    <ClInclude Include="WinUtil\PE\Common\IIterator.h">
      <Filter>头文件</Filter>
    </ClInclude>
    <ClInclude Include="WinUtil\PE\Common\GetIterator.h">
      <Filter>头文件</Filter>
    </ClInclude>
    <ClInclude Include="WinUtil\PE\Reloc\BaseRelocationIterator.h">
      <Filter>头文件</Filter>
    </ClInclude>
    <ClInclude Include="WinUtil\PE\Common\DataDirectory.h">
      <Filter>头文件</Filter>
    </ClInclude>
    <ClInclude Include="WinUtil\PE\Reloc\TypeOffsetIterator.h">
      <Filter>头文件</Filter>
    </ClInclude>
    <ClInclude Include="WinUtil\PE\Export\ExportIterator.h">
      <Filter>头文件</Filter>
    </ClInclude>
    <ClInclude Include="WinUtil\PE\Reloc\RelocDirectory.h">
      <Filter>头文件</Filter>
    </ClInclude>
    <ClInclude Include="WinUtil\PE\Export\ExportDirectory.h">
      <Filter>头文件</Filter>
    </ClInclude>
    <ClInclude Include="WinUtil\PE\Export\Export.h">
      <Filter>头文件</Filter>
    </ClInclude>
    <ClInclude Include="WinUtil\Process\EnvironmentBlock\EnvironmentBlock.h">
      <Filter>头文件</Filter>
    </ClInclude>
    <ClInclude Include="WinUtil\Process\Hook\Opcode\GetInstructionLen.h">
      <Filter>头文件</Filter>
    </ClInclude>
    <ClInclude Include="WinUtil\Process\Hook\Opcode\SimpleOpcodeMap.h">
      <Filter>头文件</Filter>
    </ClInclude>
    <ClInclude Include="WinUtil\Process\Hook\ApiHook.h">
      <Filter>头文件</Filter>
    </ClInclude>
    <ClInclude Include="WinUtil\Process\Hook\DelayLoadHook.h">
      <Filter>头文件</Filter>
    </ClInclude>
    <ClInclude Include="WinUtil\Process\Hook\EatHook.h">
      <Filter>头文件</Filter>
    </ClInclude>
    <ClInclude Include="WinUtil\Process\Hook\IatHook.h">
      <Filter>头文件</Filter>
    </ClInclude>
    <ClInclude Include="WinUtil\Process\LazyLoad\LazyLoad.h">
      <Filter>头文件</Filter>
    </ClInclude>
    <ClInclude Include="WinUtil\Process\LazyLoad\LazyLoadSystemApi.h">
      <Filter>头文件</Filter>
    </ClInclude>
    <ClInclude Include="WinUtil\Process\LazyLoad\WinApiDynamicCallDef.h">
      <Filter>头文件</Filter>
    </ClInclude>
    <ClInclude Include="WinUtil\Process\OverwriteWinApi\OverwriteWinApi.h">
      <Filter>头文件</Filter>
    </ClInclude>
    <ClInclude Include="WinUtil\Process\Remote\RemoteProccess.h">
      <Filter>头文件</Filter>
    </ClInclude>
    <ClInclude Include="WinUtil\PE\Import\ImportDirectory.h">
      <Filter>头文件</Filter>
    </ClInclude>
    <ClInclude Include="WinUtil\PE\Import\ImportDescriptorIterator.h">
      <Filter>头文件</Filter>
    </ClInclude>
    <ClInclude Include="WinUtil\PE\Import\ImportThunkIterator.h">
      <Filter>头文件</Filter>
    </ClInclude>
    <ClInclude Include="WinUtil\PE\Import\Import.h">
      <Filter>头文件</Filter>
    </ClInclude>
    <ClInclude Include="WinUtil\PE\Common\Common.h">
      <Filter>头文件</Filter>
    </ClInclude>
    <ClInclude Include="WinUtil\PE\DelayImport\DelayImportDescriptorIterator.h">
      <Filter>头文件</Filter>
    </ClInclude>
    <ClInclude Include="WinUtil\PE\DelayImport\DelayImportThunkIterator.h">
      <Filter>头文件</Filter>
    </ClInclude>
    <ClInclude Include="WinUtil\PE\DelayImport\DelayImportDirectory.h">
      <Filter>头文件</Filter>
    </ClInclude>
    <ClInclude Include="WinUtil\PE\Tls\TlsDirectory.h">
      <Filter>头文件</Filter>
    </ClInclude>
    <ClInclude Include="WinUtil\PE\DelayImport\DelayImport.h">
      <Filter>头文件</Filter>
    </ClInclude>
    <ClInclude Include="WinUtil\PE\PeImage.h">
      <Filter>头文件</Filter>
    </ClInclude>
    <ClInclude Include="WinUtil\PE\Architecture\ArchitectureDirectory.h">
      <Filter>头文件</Filter>
    </ClInclude>
    <ClInclude Include="WinUtil\PE\BoundImport\BoundImportDirectory.h">
      <Filter>头文件</Filter>
    </ClInclude>
    <ClInclude Include="WinUtil\PE\ComDescriptor\ComDescriptorDirectory.h">
      <Filter>头文件</Filter>
    </ClInclude>
    <ClInclude Include="WinUtil\PE\DebugDirectory\DebugDirectory.h">
      <Filter>头文件</Filter>
    </ClInclude>
    <ClInclude Include="WinUtil\PE\EntryException\EntryExceptionDirectory.h">
      <Filter>头文件</Filter>
    </ClInclude>
    <ClInclude Include="WinUtil\PE\Globalptr\GlobalptrDirectory.h">
      <Filter>头文件</Filter>
    </ClInclude>
    <ClInclude Include="WinUtil\PE\Iat\IatDirectory.h">
      <Filter>头文件</Filter>
    </ClInclude>
    <ClInclude Include="WinUtil\PE\LoadConfig\LoadConfigDirectory.h">
      <Filter>头文件</Filter>
    </ClInclude>
    <ClInclude Include="WinUtil\PE\Resource\ResourceDirectory.h">
      <Filter>头文件</Filter>
    </ClInclude>
    <ClInclude Include="WinUtil\PE\Security\SecurityDirectory.h">
      <Filter>头文件</Filter>
    </ClInclude>
    <ClInclude Include="WinUtil\PE\Resource\TypeIterator.h">
      <Filter>头文件</Filter>
    </ClInclude>
    <ClInclude Include="WinUtil\PE\Resource\ResourceNameIterator.h">
      <Filter>头文件</Filter>
    </ClInclude>
    <ClInclude Include="WinUtil\PE\Resource\ResourceDataIterator.h">
      <Filter>头文件</Filter>
    </ClInclude>
    <ClInclude Include="WinUtil\PE\Resource\LanguageIterator.h">
      <Filter>头文件</Filter>
    </ClInclude>
    <ClInclude Include="WinUtil\DisAsm\Common\Common.h">
      <Filter>头文件</Filter>
    </ClInclude>
    <ClInclude Include="WinUtil\DisAsm\Common\OpcodeReader.h">
      <Filter>头文件</Filter>
    </ClInclude>
    <ClInclude Include="WinUtil\DisAsm\Common\IStateFactory.h">
      <Filter>头文件</Filter>
    </ClInclude>
    <ClInclude Include="WinUtil\DisAsm\Common\IState.h">
      <Filter>头文件</Filter>
    </ClInclude>
    <ClInclude Include="WinUtil\DisAsm\Asm\AsmCommon.h">
      <Filter>头文件</Filter>
    </ClInclude>
    <ClInclude Include="WinUtil\DisAsm\Asm\StateFactory.h">
      <Filter>头文件</Filter>
    </ClInclude>
    <ClInclude Include="WinUtil\DisAsm\Asm\InitState.h">
      <Filter>头文件</Filter>
    </ClInclude>
    <ClInclude Include="WinUtil\DisAsm\Asm\Opcode\OpcodeData.h">
      <Filter>头文件</Filter>
    </ClInclude>
    <ClInclude Include="WinUtil\DisAsm\Asm\Opcode\OpcodeDef.h">
      <Filter>头文件</Filter>
    </ClInclude>
    <ClInclude Include="WinUtil\DisAsm\Asm\SibState.h">
      <Filter>头文件</Filter>
    </ClInclude>
    <ClInclude Include="WinUtil\DisAsm\Asm\ParameterState.h">
      <Filter>头文件</Filter>
    </ClInclude>
    <ClInclude Include="WinUtil\DisAsm\Asm\PrefixState.h">
      <Filter>头文件</Filter>
    </ClInclude>
    <ClInclude Include="WinUtil\DisAsm\Asm\RMState.h">
      <Filter>头文件</Filter>
    </ClInclude>
    <ClInclude Include="WinUtil\DisAsm\Asm\GroupState.h">
      <Filter>头文件</Filter>
    </ClInclude>
    <ClInclude Include="WinUtil\DisAsm\Asm\EndState.h">
      <Filter>头文件</Filter>
    </ClInclude>
    <ClInclude Include="WinUtil\DisAsm\Asm\EscapeState.h">
      <Filter>头文件</Filter>
    </ClInclude>
    <ClInclude Include="WinUtil\DisAsm\Asm\Asm.h">
      <Filter>头文件</Filter>
    </ClInclude>
    <ClInclude Include="WinUtil\DisAsm\Asm\Opcode\AsmOpcodeWapper.h">
      <Filter>头文件</Filter>
    </ClInclude>
    <ClInclude Include="WinUtil\DisAsm\Asm\AsmInstruction.h">
      <Filter>头文件</Filter>
    </ClInclude>
    <ClInclude Include="WinUtil\DisAsm\Asm\ByteState.h">
      <Filter>头文件</Filter>
    </ClInclude>
    <ClInclude Include="WinUtil\DisAsm\Asm\ExitState.h">
      <Filter>头文件</Filter>
    </ClInclude>
    <ClInclude Include="WinUtil\DisAsm\Common\Instruction.h">
      <Filter>头文件</Filter>
    </ClInclude>
  </ItemGroup>
  <ItemGroup>
    <ClCompile Include="WinUtil\PE\PeDecoder.cpp">
      <Filter>源文件</Filter>
    </ClCompile>
    <ClCompile Include="WinUtil\PE\Export\Export.cpp">
      <Filter>源文件</Filter>
    </ClCompile>
    <ClCompile Include="WinUtil\Process\EnvironmentBlock\EnvironmentBlock.cpp">
      <Filter>源文件</Filter>
    </ClCompile>
    <ClCompile Include="WinUtil\Process\Hook\Opcode\GetInstructionLen.cpp">
      <Filter>源文件</Filter>
    </ClCompile>
    <ClCompile Include="WinUtil\Process\Hook\Opcode\SimpleOpcodeMap.cpp">
      <Filter>源文件</Filter>
    </ClCompile>
    <ClCompile Include="WinUtil\Process\Hook\ApiHook.cpp">
      <Filter>源文件</Filter>
    </ClCompile>
    <ClCompile Include="WinUtil\Process\Hook\DelayLoadHook.cpp">
      <Filter>源文件</Filter>
    </ClCompile>
    <ClCompile Include="WinUtil\Process\Hook\EatHook.cpp">
      <Filter>源文件</Filter>
    </ClCompile>
    <ClCompile Include="WinUtil\Process\Hook\IatHook.cpp">
      <Filter>源文件</Filter>
    </ClCompile>
    <ClCompile Include="WinUtil\Process\LazyLoad\LazyLoad.cpp">
      <Filter>源文件</Filter>
    </ClCompile>
    <ClCompile Include="WinUtil\Process\LazyLoad\LazyLoadSystemApi.cpp">
      <Filter>源文件</Filter>
    </ClCompile>
    <ClCompile Include="WinUtil\Process\LazyLoad\WinApiDynamicCallDef.cpp">
      <Filter>源文件</Filter>
    </ClCompile>
    <ClCompile Include="WinUtil\Process\OverwriteWinApi\OverwriteWinApi.cpp">
      <Filter>源文件</Filter>
    </ClCompile>
    <ClCompile Include="WinUtil\Process\Remote\RemoteProccess.cpp">
      <Filter>源文件</Filter>
    </ClCompile>
    <ClCompile Include="WinUtil\PE\Import\Import.cpp">
      <Filter>源文件</Filter>
    </ClCompile>
    <ClCompile Include="WinUtil\PE\Common\PeStruct.cpp">
      <Filter>源文件</Filter>
    </ClCompile>
    <ClCompile Include="WinUtil\PE\NtHeader\NtHeader.cpp">
      <Filter>源文件</Filter>
    </ClCompile>
    <ClCompile Include="WinUtil\PE\Architecture\architecturedirectory.cpp">
      <Filter>源文件</Filter>
    </ClCompile>
    <ClCompile Include="WinUtil\PE\BoundImport\BoundImportDirectory.cpp">
      <Filter>源文件</Filter>
    </ClCompile>
    <ClCompile Include="WinUtil\PE\ComDescriptor\ComDescriptorDirectory.cpp">
      <Filter>源文件</Filter>
    </ClCompile>
    <ClCompile Include="WinUtil\PE\Common\DataDirectory.cpp">
      <Filter>源文件</Filter>
    </ClCompile>
    <ClCompile Include="WinUtil\PE\Common\InitStruct.cpp">
      <Filter>源文件</Filter>
    </ClCompile>
    <ClCompile Include="WinUtil\PE\DebugDirectory\DebugDirectory.cpp">
      <Filter>源文件</Filter>
    </ClCompile>
    <ClCompile Include="WinUtil\PE\DelayImport\DelayImport.cpp">
      <Filter>源文件</Filter>
    </ClCompile>
    <ClCompile Include="WinUtil\PE\DelayImport\DelayImportDirectory.cpp">
      <Filter>源文件</Filter>
    </ClCompile>
    <ClCompile Include="WinUtil\PE\DosHeader\DosHeader.cpp">
      <Filter>源文件</Filter>
    </ClCompile>
    <ClCompile Include="WinUtil\PE\EntryException\EntryExceptionDirectory.cpp">
      <Filter>源文件</Filter>
    </ClCompile>
    <ClCompile Include="WinUtil\PE\Export\ExportDirectory.cpp">
      <Filter>源文件</Filter>
    </ClCompile>
    <ClCompile Include="WinUtil\PE\Globalptr\GlobalptrDirectory.cpp">
      <Filter>源文件</Filter>
    </ClCompile>
    <ClCompile Include="WinUtil\PE\Iat\IatDirectory.cpp">
      <Filter>源文件</Filter>
    </ClCompile>
    <ClCompile Include="WinUtil\PE\Import\ImportDirectory.cpp">
      <Filter>源文件</Filter>
    </ClCompile>
    <ClCompile Include="WinUtil\PE\LoadConfig\LoadConfigDirectory.cpp">
      <Filter>源文件</Filter>
    </ClCompile>
    <ClCompile Include="WinUtil\PE\Reloc\RelocDirectory.cpp">
      <Filter>源文件</Filter>
    </ClCompile>
    <ClCompile Include="WinUtil\PE\Section\Section.cpp">
      <Filter>源文件</Filter>
    </ClCompile>
    <ClCompile Include="WinUtil\PE\Security\SecurityDirectory.cpp">
      <Filter>源文件</Filter>
    </ClCompile>
    <ClCompile Include="WinUtil\PE\Tls\TlsDirectory.cpp">
      <Filter>源文件</Filter>
    </ClCompile>
    <ClCompile Include="WinUtil\PE\DelayImport\DelayImportDescriptorIterator.cpp">
      <Filter>源文件</Filter>
    </ClCompile>
    <ClCompile Include="WinUtil\PE\DelayImport\DelayImportThunkIterator.cpp">
      <Filter>源文件</Filter>
    </ClCompile>
    <ClCompile Include="WinUtil\PE\Import\ImportThunkIterator.cpp">
      <Filter>源文件</Filter>
    </ClCompile>
    <ClCompile Include="WinUtil\PE\Import\ImportDescriptorIterator.cpp">
      <Filter>源文件</Filter>
    </ClCompile>
    <ClCompile Include="WinUtil\PE\Export\ExportIterator.cpp">
      <Filter>源文件</Filter>
    </ClCompile>
    <ClCompile Include="WinUtil\PE\Reloc\TypeOffsetIterator.cpp">
      <Filter>源文件</Filter>
    </ClCompile>
    <ClCompile Include="WinUtil\PE\Reloc\BaseRelocationIterator.cpp">
      <Filter>源文件</Filter>
    </ClCompile>
    <ClCompile Include="WinUtil\PE\Section\SectionIterator.cpp">
      <Filter>源文件</Filter>
    </ClCompile>
    <ClCompile Include="WinUtil\PE\Resource\ResourceDirectory.cpp">
      <Filter>源文件</Filter>
    </ClCompile>
    <ClCompile Include="WinUtil\PE\Resource\TypeIterator.cpp">
      <Filter>源文件</Filter>
    </ClCompile>
    <ClCompile Include="WinUtil\PE\Resource\ResourceNameIterator.cpp">
      <Filter>源文件</Filter>
    </ClCompile>
    <ClCompile Include="WinUtil\PE\Resource\ResourceDataIterator.cpp">
      <Filter>源文件</Filter>
    </ClCompile>
    <ClCompile Include="WinUtil\PE\Resource\LanguageIterator.cpp">
      <Filter>源文件</Filter>
    </ClCompile>
    <ClCompile Include="WinUtil\DisAsm\Asm\StateFactory.cpp">
      <Filter>源文件</Filter>
    </ClCompile>
    <ClCompile Include="WinUtil\DisAsm\Asm\InitState.cpp">
      <Filter>源文件</Filter>
    </ClCompile>
    <ClCompile Include="WinUtil\DisAsm\Asm\Opcode\OpcodeData.cpp">
      <Filter>源文件</Filter>
    </ClCompile>
    <ClCompile Include="WinUtil\DisAsm\Asm\ParameterState.cpp">
      <Filter>源文件</Filter>
    </ClCompile>
    <ClCompile Include="WinUtil\DisAsm\Asm\PrefixState.cpp">
      <Filter>源文件</Filter>
    </ClCompile>
    <ClCompile Include="WinUtil\DisAsm\Asm\RMState.cpp">
      <Filter>源文件</Filter>
    </ClCompile>
    <ClCompile Include="WinUtil\DisAsm\Asm\SibState.cpp">
      <Filter>源文件</Filter>
    </ClCompile>
    <ClCompile Include="WinUtil\DisAsm\Asm\EscapeState.cpp">
      <Filter>源文件</Filter>
    </ClCompile>
    <ClCompile Include="WinUtil\DisAsm\Asm\GroupState.cpp">
      <Filter>源文件</Filter>
    </ClCompile>
    <ClCompile Include="WinUtil\DisAsm\Asm\AsmCommon.cpp">
      <Filter>源文件</Filter>
    </ClCompile>
    <ClCompile Include="WinUtil\DisAsm\Asm\EndState.cpp">
      <Filter>源文件</Filter>
    </ClCompile>
    <ClCompile Include="WinUtil\DisAsm\Asm\AsmInstruction.cpp">
      <Filter>源文件</Filter>
    </ClCompile>
    <ClCompile Include="WinUtil\DisAsm\Asm\ByteState.cpp">
      <Filter>源文件</Filter>
    </ClCompile>
    <ClCompile Include="WinUtil\DisAsm\Asm\ExitState.cpp">
      <Filter>源文件</Filter>
    </ClCompile>
    <ClCompile Include="WinUtil\DisAsm\Asm\Opcode\OpcodeDef.cpp">
      <Filter>源文件</Filter>
    </ClCompile>
    <ClCompile Include="WinUtil\DisAsm\Asm\Opcode\AsmOpcodeWapper.cpp">
      <Filter>源文件</Filter>
    </ClCompile>
  </ItemGroup>
</Project>