<?xml version="1.0" encoding="utf-8"?>
<Project ToolsVersion="4.0" xmlns="http://schemas.microsoft.com/developer/msbuild/2003">
  <ItemGroup>
    <Filter Include="源文件">
      <UniqueIdentifier>{4FC737F1-C7A5-4376-A066-2A32D752A2FF}</UniqueIdentifier>
      <Extensions>cpp;c;cc;cxx;def;odl;idl;hpj;bat;asm;asmx</Extensions>
    </Filter>
    <Filter Include="头文件">
      <UniqueIdentifier>{93995380-89BD-4b04-88EB-625FBE52EBFB}</UniqueIdentifier>
      <Extensions>h;hh;hpp;hxx;hm;inl;inc;xsd</Extensions>
    </Filter>
    <Filter Include="资源文件">
      <UniqueIdentifier>{67DA6AB6-F800-4c08-8B7A-83BB121AAD01}</UniqueIdentifier>
      <Extensions>rc;ico;cur;bmp;dlg;rc2;rct;bin;rgs;gif;jpg;jpeg;jpe;resx;tiff;tif;png;wav;mfcribbon-ms</Extensions>
    </Filter>
  </ItemGroup>
  <ItemGroup>
    <ClCompile Include="Asm\Opcode\OpcodeData.cpp">
      <Filter>源文件</Filter>
    </ClCompile>
    <ClCompile Include="Asm\Opcode\OpcodeDef.cpp">
      <Filter>源文件</Filter>
    </ClCompile>
    <ClCompile Include="Asm\State\AsmStateFactory.cpp">
      <Filter>源文件</Filter>
    </ClCompile>
    <ClCompile Include="Asm\State\ByteState.cpp">
      <Filter>源文件</Filter>
    </ClCompile>
    <ClCompile Include="Asm\State\EscapeState.cpp">
      <Filter>源文件</Filter>
    </ClCompile>
    <ClCompile Include="Asm\State\GroupState.cpp">
      <Filter>源文件</Filter>
    </ClCompile>
    <ClCompile Include="Asm\State\InitState.cpp">
      <Filter>源文件</Filter>
    </ClCompile>
    <ClCompile Include="Asm\State\InstructionState.cpp">
      <Filter>源文件</Filter>
    </ClCompile>
    <ClCompile Include="Asm\State\OperandState.cpp">
      <Filter>源文件</Filter>
    </ClCompile>
    <ClCompile Include="Asm\State\PreEndState.cpp">
      <Filter>源文件</Filter>
    </ClCompile>
    <ClCompile Include="Asm\State\PrefixState.cpp">
      <Filter>源文件</Filter>
    </ClCompile>
    <ClCompile Include="Asm\AsmDisassembler.cpp">
      <Filter>源文件</Filter>
    </ClCompile>
    <ClCompile Include="Asm\AsmInstruction.cpp">
      <Filter>源文件</Filter>
    </ClCompile>
    <ClCompile Include="Asm\AsmStorage.cpp">
      <Filter>源文件</Filter>
    </ClCompile>
    <ClCompile Include="Common\DisassemblerBase.cpp">
      <Filter>源文件</Filter>
    </ClCompile>
    <ClCompile Include="Common\Storage.cpp">
      <Filter>源文件</Filter>
    </ClCompile>
    <ClCompile Include="Asm\Opcode\AsmOpcodeDataWrapper.cpp">
      <Filter>源文件</Filter>
    </ClCompile>
  </ItemGroup>
  <ItemGroup>
    <ClInclude Include="Asm\Opcode\OpcodeData.h">
      <Filter>头文件</Filter>
    </ClInclude>
    <ClInclude Include="Asm\Opcode\OpcodeDef.h">
      <Filter>头文件</Filter>
    </ClInclude>
    <ClInclude Include="Asm\State\AsmState.h">
      <Filter>头文件</Filter>
    </ClInclude>
    <ClInclude Include="Asm\State\AsmStateFactory.h">
      <Filter>头文件</Filter>
    </ClInclude>
    <ClInclude Include="Asm\State\ByteState.h">
      <Filter>头文件</Filter>
    </ClInclude>
    <ClInclude Include="Asm\State\EscapeState.h">
      <Filter>头文件</Filter>
    </ClInclude>
    <ClInclude Include="Asm\State\GroupState.h">
      <Filter>头文件</Filter>
    </ClInclude>
    <ClInclude Include="Asm\State\InitState.h">
      <Filter>头文件</Filter>
    </ClInclude>
    <ClInclude Include="Asm\State\InstructionState.h">
      <Filter>头文件</Filter>
    </ClInclude>
    <ClInclude Include="Asm\State\OperandState.h">
      <Filter>头文件</Filter>
    </ClInclude>
    <ClInclude Include="Asm\State\PreEndState.h">
      <Filter>头文件</Filter>
    </ClInclude>
    <ClInclude Include="Asm\State\PrefixState.h">
      <Filter>头文件</Filter>
    </ClInclude>
    <ClInclude Include="Asm\asm.h">
      <Filter>头文件</Filter>
    </ClInclude>
    <ClInclude Include="Asm\AsmDisassembler.h">
      <Filter>头文件</Filter>
    </ClInclude>
    <ClInclude Include="Asm\AsmDisassembler_Trait.h">
      <Filter>头文件</Filter>
    </ClInclude>
    <ClInclude Include="Asm\AsmInstruction.h">
      <Filter>头文件</Filter>
    </ClInclude>
    <ClInclude Include="Asm\AsmStorage.h">
      <Filter>头文件</Filter>
    </ClInclude>
    <ClInclude Include="Asm\AsmToString.h">
      <Filter>头文件</Filter>
    </ClInclude>
    <ClInclude Include="Common\Interface\IDisassembler.h">
      <Filter>头文件</Filter>
    </ClInclude>
    <ClInclude Include="Common\Interface\IInstruction.h">
      <Filter>头文件</Filter>
    </ClInclude>
    <ClInclude Include="Common\Interface\InterfaceDefine.h">
      <Filter>头文件</Filter>
    </ClInclude>
    <ClInclude Include="Common\Interface\IState.h">
      <Filter>头文件</Filter>
    </ClInclude>
    <ClInclude Include="Common\Interface\IStateUsed.h">
      <Filter>头文件</Filter>
    </ClInclude>
    <ClInclude Include="Common\Interface\IStorage.h">
      <Filter>头文件</Filter>
    </ClInclude>
    <ClInclude Include="Common\Common.h">
      <Filter>头文件</Filter>
    </ClInclude>
    <ClInclude Include="Common\Disassembler_Trait.h">
      <Filter>头文件</Filter>
    </ClInclude>
    <ClInclude Include="Common\DisassemblerBase.h">
      <Filter>头文件</Filter>
    </ClInclude>
    <ClInclude Include="Common\Instruction.h">
      <Filter>头文件</Filter>
    </ClInclude>
    <ClInclude Include="Common\StateFactory.h">
      <Filter>头文件</Filter>
    </ClInclude>
    <ClInclude Include="Common\Storage.h">
      <Filter>头文件</Filter>
    </ClInclude>
    <ClInclude Include="Common\ToStringBase.h">
      <Filter>头文件</Filter>
    </ClInclude>
    <ClInclude Include="Asm\Opcode\AsmOpcodeDataWrapper.h">
      <Filter>头文件</Filter>
    </ClInclude>
  </ItemGroup>
  <ItemGroup>
    <None Include="!DisAsm未完成" />
  </ItemGroup>
</Project>