<?xml version="1.0" encoding="utf-8"?>
<Project ToolsVersion="4.0" xmlns="http://schemas.microsoft.com/developer/msbuild/2003">
  <ItemGroup>
    <Filter Include="源文件">
      <UniqueIdentifier>{4FC737F1-C7A5-4376-A066-2A32D752A2FF}</UniqueIdentifier>
      <Extensions>cpp;c;cc;cxx;def;odl;idl;hpj;bat;asm;asmx</Extensions>
    </Filter>
    <Filter Include="头文件">
      <UniqueIdentifier>{93995380-89BD-4b04-88EB-625FBE52EBFB}</UniqueIdentifier>
      <Extensions>h;hh;hpp;hxx;hm;inl;inc;xsd</Extensions>
    </Filter>
    <Filter Include="资源文件">
      <UniqueIdentifier>{67DA6AB6-F800-4c08-8B7A-83BB121AAD01}</UniqueIdentifier>
      <Extensions>rc;ico;cur;bmp;dlg;rc2;rct;bin;rgs;gif;jpg;jpeg;jpe;resx;tiff;tif;png;wav;mfcribbon-ms</Extensions>
    </Filter>
    <Filter Include="EnvironmentBlock">
      <UniqueIdentifier>{4e884a69-9331-4db7-a022-d7975d4d31b2}</UniqueIdentifier>
    </Filter>
    <Filter Include="Common">
      <UniqueIdentifier>{28d2178b-f4f1-4071-a9f5-4dc5b6b651f0}</UniqueIdentifier>
    </Filter>
    <Filter Include="LazyLoad">
      <UniqueIdentifier>{34d88cb8-1f46-4b46-a270-d3ea1315a429}</UniqueIdentifier>
    </Filter>
    <Filter Include="LazyLoad\Detail">
      <UniqueIdentifier>{2a059208-3a34-43ad-be58-f4687c821119}</UniqueIdentifier>
    </Filter>
    <Filter Include="Other">
      <UniqueIdentifier>{9ae33e09-18dd-4f0f-8a1d-d460f71010c3}</UniqueIdentifier>
    </Filter>
    <Filter Include="Other\WinApiWrapper">
      <UniqueIdentifier>{d3a58363-39d7-47bc-b58b-35f1703e15f2}</UniqueIdentifier>
    </Filter>
    <Filter Include="Other\WinApiWrapper\ThreadPool">
      <UniqueIdentifier>{b51bf518-2151-4d23-b346-f98d560cb2ac}</UniqueIdentifier>
    </Filter>
    <Filter Include="Other\WinApiWrapper\ThreadPool\Detail">
      <UniqueIdentifier>{da0a521d-3761-4e3f-9a8a-07ba40a005d6}</UniqueIdentifier>
    </Filter>
    <Filter Include="Other\WinApiWrapper\Fiber">
      <UniqueIdentifier>{ebb33c33-4d4a-4822-a234-953ee87c9f7f}</UniqueIdentifier>
    </Filter>
    <Filter Include="Other\WinApiWrapper\Thread">
      <UniqueIdentifier>{f68fb160-0554-4ca7-b9c5-3c3db7967d45}</UniqueIdentifier>
    </Filter>
    <Filter Include="Other\WinApiWrapper\Fiber\Coroutine">
      <UniqueIdentifier>{b086ec55-66b2-4a24-8615-c74591a93151}</UniqueIdentifier>
    </Filter>
    <Filter Include="OverwriteWinApi">
      <UniqueIdentifier>{dfbbb80a-70d2-4d9f-aec2-d0396868291e}</UniqueIdentifier>
    </Filter>
    <Filter Include="Other\WinApiWrapper\Fiber\Detail">
      <UniqueIdentifier>{fb77b2e4-859e-43a9-a4df-4cf75f17db36}</UniqueIdentifier>
    </Filter>
    <Filter Include="Other\WinApiWrapper\Fiber\Coroutine\Detail">
      <UniqueIdentifier>{e4deae0d-1c9a-4ec5-9277-f8eb887229ef}</UniqueIdentifier>
    </Filter>
    <Filter Include="Other\WinApiWrapper\InterProcess">
      <UniqueIdentifier>{88a3d136-52ce-4412-bd79-6a2412884076}</UniqueIdentifier>
    </Filter>
    <Filter Include="Other\WinApiWrapper\InterProcess\Pipe">
      <UniqueIdentifier>{1852e25d-e7fe-4dea-9975-5f34f831f3b6}</UniqueIdentifier>
    </Filter>
    <Filter Include="Other\WinApiWrapper\InterProcess\Pipe\Detail">
      <UniqueIdentifier>{d95a53cb-49c6-4320-b1d2-e5f559e1e3d4}</UniqueIdentifier>
    </Filter>
  </ItemGroup>
  <ItemGroup>
    <ClInclude Include="stdafx.h">
      <Filter>头文件</Filter>
    </ClInclude>
    <ClInclude Include="targetver.h">
      <Filter>头文件</Filter>
    </ClInclude>
    <ClInclude Include="EnvironmentBlock.h">
      <Filter>EnvironmentBlock</Filter>
    </ClInclude>
    <ClInclude Include="FindLoadedModuleHandle.h">
      <Filter>EnvironmentBlock</Filter>
    </ClInclude>
    <ClInclude Include="LdrDataTable.h">
      <Filter>EnvironmentBlock</Filter>
    </ClInclude>
    <ClInclude Include="LdrDataTableEntryIterator.h">
      <Filter>EnvironmentBlock</Filter>
    </ClInclude>
    <ClInclude Include="LdrDataTableModuleList.h">
      <Filter>EnvironmentBlock</Filter>
    </ClInclude>
    <ClInclude Include="Common.h">
      <Filter>Common</Filter>
    </ClInclude>
    <ClInclude Include="GetProcAddress.h">
      <Filter>OverwriteWinApi</Filter>
    </ClInclude>
    <ClInclude Include="NtDll.h">
      <Filter>LazyLoad</Filter>
    </ClInclude>
    <ClInclude Include="LoadLibrary.h">
      <Filter>OverwriteWinApi</Filter>
    </ClInclude>
    <ClInclude Include="Kernel32.h">
      <Filter>LazyLoad</Filter>
    </ClInclude>
    <ClInclude Include="DefaultLazyLoadDecryptStrPolicy.h">
      <Filter>LazyLoad\Detail</Filter>
    </ClInclude>
    <ClInclude Include="DefaultGetDllModulePolicy.h">
      <Filter>LazyLoad\Detail</Filter>
    </ClInclude>
    <ClInclude Include="LoadDllBase.h">
      <Filter>LazyLoad\Detail</Filter>
    </ClInclude>
    <ClInclude Include="DynamicCallBase.h">
      <Filter>LazyLoad\Detail</Filter>
    </ClInclude>
    <ClInclude Include="NtDllGetDllModulePolicy.h">
      <Filter>LazyLoad\Detail</Filter>
    </ClInclude>
    <ClInclude Include="DynamicCall.h">
      <Filter>LazyLoad\Detail</Filter>
    </ClInclude>
    <ClInclude Include="User32.h">
      <Filter>LazyLoad</Filter>
    </ClInclude>
    <ClInclude Include="OpenProcess.h">
      <Filter>OverwriteWinApi</Filter>
    </ClInclude>
    <ClInclude Include="SetThreadContext.h">
      <Filter>OverwriteWinApi</Filter>
    </ClInclude>
    <ClInclude Include="VirtualProtect.h">
      <Filter>OverwriteWinApi</Filter>
    </ClInclude>
    <ClInclude Include="ReadProcessMemory.h">
      <Filter>OverwriteWinApi</Filter>
    </ClInclude>
    <ClInclude Include="WriteProcessMemory.h">
      <Filter>OverwriteWinApi</Filter>
    </ClInclude>
    <ClInclude Include="VirtualAlloc.h">
      <Filter>OverwriteWinApi</Filter>
    </ClInclude>
    <ClInclude Include="VirtualQuery.h">
      <Filter>OverwriteWinApi</Filter>
    </ClInclude>
    <ClInclude Include="VirtualFree.h">
      <Filter>OverwriteWinApi</Filter>
    </ClInclude>
    <ClInclude Include="SpinLock.h">
      <Filter>Other</Filter>
    </ClInclude>
    <ClInclude Include="ThreadPoolApi.h">
      <Filter>Other\WinApiWrapper\ThreadPool\Detail</Filter>
    </ClInclude>
    <ClInclude Include="CallbackBase.h">
      <Filter>Other\WinApiWrapper\ThreadPool\Detail</Filter>
    </ClInclude>
    <ClInclude Include="ThreadPool.h">
      <Filter>Other\WinApiWrapper\ThreadPool</Filter>
    </ClInclude>
    <ClInclude Include="CallbackInstance.h">
      <Filter>Other\WinApiWrapper\ThreadPool</Filter>
    </ClInclude>
    <ClInclude Include="ThreadPoolWork.h">
      <Filter>Other\WinApiWrapper\ThreadPool</Filter>
    </ClInclude>
    <ClInclude Include="ThreadPoolWait.h">
      <Filter>Other\WinApiWrapper\ThreadPool</Filter>
    </ClInclude>
    <ClInclude Include="ThreadPoolSimpleCallback.h">
      <Filter>Other\WinApiWrapper\ThreadPool</Filter>
    </ClInclude>
    <ClInclude Include="ThreadPoolTimer.h">
      <Filter>Other\WinApiWrapper\ThreadPool</Filter>
    </ClInclude>
    <ClInclude Include="Fiber.h">
      <Filter>Other\WinApiWrapper\Fiber</Filter>
    </ClInclude>
    <ClInclude Include="ThreadEx.h">
      <Filter>Other\WinApiWrapper\Thread</Filter>
    </ClInclude>
    <ClInclude Include="UnpackTupleInvoke.h">
      <Filter>Other</Filter>
    </ClInclude>
    <ClInclude Include="FiberBase.h">
      <Filter>Other\WinApiWrapper\Fiber\Detail</Filter>
    </ClInclude>
    <ClInclude Include="Coroutine.h">
      <Filter>Other\WinApiWrapper\Fiber\Coroutine</Filter>
    </ClInclude>
    <ClInclude Include="CoroutineIterator.h">
      <Filter>Other\WinApiWrapper\Fiber\Coroutine\Detail</Filter>
    </ClInclude>
    <ClInclude Include="Pipe.h">
      <Filter>Other\WinApiWrapper\InterProcess\Pipe</Filter>
    </ClInclude>
    <ClInclude Include="NamePipeBase.h">
      <Filter>Other\WinApiWrapper\InterProcess\Pipe\Detail</Filter>
    </ClInclude>
  </ItemGroup>
  <ItemGroup>
    <ClCompile Include="stdafx.cpp">
      <Filter>源文件</Filter>
    </ClCompile>
    <ClCompile Include="EnvironmentBlock.cpp">
      <Filter>EnvironmentBlock</Filter>
    </ClCompile>
    <ClCompile Include="FindLoadedModuleHandle.cpp">
      <Filter>EnvironmentBlock</Filter>
    </ClCompile>
    <ClCompile Include="LdrDataTable.cpp">
      <Filter>EnvironmentBlock</Filter>
    </ClCompile>
    <ClCompile Include="LdrDataTableEntryIterator.cpp">
      <Filter>EnvironmentBlock</Filter>
    </ClCompile>
    <ClCompile Include="GetProcAddress.cpp">
      <Filter>OverwriteWinApi</Filter>
    </ClCompile>
    <ClCompile Include="NtDll.cpp">
      <Filter>LazyLoad</Filter>
    </ClCompile>
    <ClCompile Include="LoadLibrary.cpp">
      <Filter>OverwriteWinApi</Filter>
    </ClCompile>
    <ClCompile Include="DefaultGetDllModulePolicy.cpp">
      <Filter>LazyLoad\Detail</Filter>
    </ClCompile>
    <ClCompile Include="DefaultLazyLoadDecryptStrPolicy.cpp">
      <Filter>LazyLoad\Detail</Filter>
    </ClCompile>
    <ClCompile Include="LoadDllBase.cpp">
      <Filter>LazyLoad\Detail</Filter>
    </ClCompile>
    <ClCompile Include="NtDllGetDllModulePolicy.cpp">
      <Filter>LazyLoad\Detail</Filter>
    </ClCompile>
    <ClCompile Include="Kernel32.cpp">
      <Filter>LazyLoad</Filter>
    </ClCompile>
    <ClCompile Include="User32.cpp">
      <Filter>LazyLoad</Filter>
    </ClCompile>
    <ClCompile Include="OpenProcess.cpp">
      <Filter>OverwriteWinApi</Filter>
    </ClCompile>
    <ClCompile Include="SetThreadContext.cpp">
      <Filter>OverwriteWinApi</Filter>
    </ClCompile>
    <ClCompile Include="VirtualProtect.cpp">
      <Filter>OverwriteWinApi</Filter>
    </ClCompile>
    <ClCompile Include="ReadProcessMemory.cpp">
      <Filter>OverwriteWinApi</Filter>
    </ClCompile>
    <ClCompile Include="WriteProcessMemory.cpp">
      <Filter>OverwriteWinApi</Filter>
    </ClCompile>
    <ClCompile Include="VirtualAlloc.cpp">
      <Filter>OverwriteWinApi</Filter>
    </ClCompile>
    <ClCompile Include="VirtualQuery.cpp">
      <Filter>OverwriteWinApi</Filter>
    </ClCompile>
    <ClCompile Include="VirtualFree.cpp">
      <Filter>OverwriteWinApi</Filter>
    </ClCompile>
    <ClCompile Include="SpinLock.cpp">
      <Filter>Other</Filter>
    </ClCompile>
    <ClCompile Include="CallbackBase.cpp">
      <Filter>Other\WinApiWrapper\ThreadPool\Detail</Filter>
    </ClCompile>
    <ClCompile Include="ThreadPool.cpp">
      <Filter>Other\WinApiWrapper\ThreadPool</Filter>
    </ClCompile>
    <ClCompile Include="CallbackInstance.cpp">
      <Filter>Other\WinApiWrapper\ThreadPool</Filter>
    </ClCompile>
    <ClCompile Include="ThreadPoolWork.cpp">
      <Filter>Other\WinApiWrapper\ThreadPool</Filter>
    </ClCompile>
    <ClCompile Include="ThreadPoolWait.cpp">
      <Filter>Other\WinApiWrapper\ThreadPool</Filter>
    </ClCompile>
    <ClCompile Include="ThreadPoolSimpleCallback.cpp">
      <Filter>Other\WinApiWrapper\ThreadPool</Filter>
    </ClCompile>
    <ClCompile Include="ThreadPoolTimer.cpp">
      <Filter>Other\WinApiWrapper\ThreadPool</Filter>
    </ClCompile>
    <ClCompile Include="Fiber.cpp">
      <Filter>Other\WinApiWrapper\Fiber</Filter>
    </ClCompile>
    <ClCompile Include="ThreadEx.cpp">
      <Filter>Other\WinApiWrapper\Thread</Filter>
    </ClCompile>
    <ClCompile Include="FiberBase.cpp">
      <Filter>Other\WinApiWrapper\Fiber\Detail</Filter>
    </ClCompile>
  </ItemGroup>
  <ItemGroup>
    <Text Include="不是很有意义的类们">
      <Filter>Other</Filter>
    </Text>
    <Text Include="io的部分有空再弄">
      <Filter>Other\WinApiWrapper\ThreadPool</Filter>
    </Text>
  </ItemGroup>
</Project>