<?xml version="1.0" encoding="utf-8"?>
<Project ToolsVersion="4.0" xmlns="http://schemas.microsoft.com/developer/msbuild/2003">
  <ItemGroup>
    <Filter Include="源文件">
      <UniqueIdentifier>{4FC737F1-C7A5-4376-A066-2A32D752A2FF}</UniqueIdentifier>
      <Extensions>cpp;c;cc;cxx;def;odl;idl;hpj;bat;asm;asmx</Extensions>
    </Filter>
    <Filter Include="头文件">
      <UniqueIdentifier>{93995380-89BD-4b04-88EB-625FBE52EBFB}</UniqueIdentifier>
      <Extensions>h;hh;hpp;hxx;hm;inl;inc;xsd</Extensions>
    </Filter>
    <Filter Include="资源文件">
      <UniqueIdentifier>{67DA6AB6-F800-4c08-8B7A-83BB121AAD01}</UniqueIdentifier>
      <Extensions>rc;ico;cur;bmp;dlg;rc2;rct;bin;rgs;gif;jpg;jpeg;jpe;resx;tiff;tif;png;wav;mfcribbon-ms</Extensions>
    </Filter>
    <Filter Include="StructureDefine">
      <UniqueIdentifier>{a60d509c-63e1-4174-a0d6-5f54f6e48452}</UniqueIdentifier>
    </Filter>
    <Filter Include="Pe">
      <UniqueIdentifier>{4280b05e-882f-4c8b-a598-d17eac723d03}</UniqueIdentifier>
    </Filter>
    <Filter Include="Converter">
      <UniqueIdentifier>{59129a10-c891-4603-b29f-3df18500cfb1}</UniqueIdentifier>
    </Filter>
    <Filter Include="Interface">
      <UniqueIdentifier>{9ee15288-8d94-414a-9f90-d23eb273451e}</UniqueIdentifier>
    </Filter>
    <Filter Include="Unmanaged">
      <UniqueIdentifier>{70e1d62f-5b09-475a-b005-a401be6b7673}</UniqueIdentifier>
    </Filter>
  </ItemGroup>
  <ItemGroup>
    <ClInclude Include="Stdafx.h">
      <Filter>头文件</Filter>
    </ClInclude>
    <ClInclude Include="resource.h">
      <Filter>头文件</Filter>
    </ClInclude>
    <ClInclude Include="ImageDosHeader.h">
      <Filter>StructureDefine</Filter>
    </ClInclude>
    <ClInclude Include="StructureDefineCommon.h">
      <Filter>StructureDefine</Filter>
    </ClInclude>
    <ClInclude Include="ShowPropertiesConverter.h">
      <Filter>Converter</Filter>
    </ClInclude>
    <ClInclude Include="PeImage.h">
      <Filter>Pe</Filter>
    </ClInclude>
    <ClInclude Include="DosHeader.h">
      <Filter>Pe</Filter>
    </ClInclude>
    <ClInclude Include="IPropertiesFilter.h">
      <Filter>Interface</Filter>
    </ClInclude>
    <ClInclude Include="IDescription.h">
      <Filter>Interface</Filter>
    </ClInclude>
    <ClInclude Include="Unmanaged.h">
      <Filter>Unmanaged</Filter>
    </ClInclude>
    <ClInclude Include="IGetData.h">
      <Filter>Interface</Filter>
    </ClInclude>
    <ClInclude Include="ImageType.h">
      <Filter>StructureDefine</Filter>
    </ClInclude>
  </ItemGroup>
  <ItemGroup>
    <ClCompile Include="AssemblyInfo.cpp">
      <Filter>源文件</Filter>
    </ClCompile>
    <ClCompile Include="Stdafx.cpp">
      <Filter>源文件</Filter>
    </ClCompile>
    <ClCompile Include="ShowPropertiesConverter.cpp">
      <Filter>Converter</Filter>
    </ClCompile>
    <ClCompile Include="DosHeader.cpp">
      <Filter>Pe</Filter>
    </ClCompile>
    <ClCompile Include="PeImage.cpp">
      <Filter>Pe</Filter>
    </ClCompile>
  </ItemGroup>
  <ItemGroup>
    <Text Include="ReadMe.txt" />
  </ItemGroup>
  <ItemGroup>
    <ResourceCompile Include="app.rc">
      <Filter>资源文件</Filter>
    </ResourceCompile>
  </ItemGroup>
  <ItemGroup>
    <Image Include="app.ico">
      <Filter>资源文件</Filter>
    </Image>
  </ItemGroup>
</Project>